
Microsoft Visual Studio Solution File, Format Version 12.00
# Visual Studio 14
VisualStudioVersion = 14.0.24720.0
MinimumVisualStudioVersion = 10.0.40219.1
Project("{2150E333-8FDC-42A3-9474-1A3956D46DE8}") = "src", "src", "{6EB28845-9DF4-4B43-84FD-12AFE64D919F}"
EndProject
Project("{2150E333-8FDC-42A3-9474-1A3956D46DE8}") = "Solution Items", "Solution Items", "{4107A207-EF72-4F76-93EB-CC0ED784CEBF}"
	ProjectSection(SolutionItems) = preProject
		global.json = global.json
	EndProjectSection
EndProject
Project("{8BB2217D-0F2D-49D1-97BC-3654ED321F3B}") = "VNextStacks", "src\VNextStacks\VNextStacks.xproj", "{87D7D82C-6D23-49F9-A69F-E65D39D09DC9}"
EndProject
Project("{2150E333-8FDC-42A3-9474-1A3956D46DE8}") = "Binaries", "Binaries", "{D2AC8D08-0F42-4D87-A88C-EDA7E7505D94}"
EndProject
Project("{8BB2217D-0F2D-49D1-97BC-3654ED321F3B}") = "VNS.Business", "src\Binaries\VNS.Business\VNS.Business.xproj", "{16FCF6C3-87BD-470C-A620-E4A6892141B0}"
EndProject
Project("{8BB2217D-0F2D-49D1-97BC-3654ED321F3B}") = "VNS.Data", "src\Binaries\VNS.Data\VNS.Data.xproj", "{316D18B9-EBB9-41EB-A8C0-1DD62FF86BBA}"
EndProject
Global
	GlobalSection(SolutionConfigurationPlatforms) = preSolution
		Debug|Any CPU = Debug|Any CPU
		Release|Any CPU = Release|Any CPU
	EndGlobalSection
	GlobalSection(ProjectConfigurationPlatforms) = postSolution
		{87D7D82C-6D23-49F9-A69F-E65D39D09DC9}.Debug|Any CPU.ActiveCfg = Debug|Any CPU
		{87D7D82C-6D23-49F9-A69F-E65D39D09DC9}.Debug|Any CPU.Build.0 = Debug|Any CPU
		{87D7D82C-6D23-49F9-A69F-E65D39D09DC9}.Release|Any CPU.ActiveCfg = Release|Any CPU
		{87D7D82C-6D23-49F9-A69F-E65D39D09DC9}.Release|Any CPU.Build.0 = Release|Any CPU
		{16FCF6C3-87BD-470C-A620-E4A6892141B0}.Debug|Any CPU.ActiveCfg = Debug|Any CPU
		{16FCF6C3-87BD-470C-A620-E4A6892141B0}.Debug|Any CPU.Build.0 = Debug|Any CPU
		{16FCF6C3-87BD-470C-A620-E4A6892141B0}.Release|Any CPU.ActiveCfg = Release|Any CPU
		{16FCF6C3-87BD-470C-A620-E4A6892141B0}.Release|Any CPU.Build.0 = Release|Any CPU
		{316D18B9-EBB9-41EB-A8C0-1DD62FF86BBA}.Debug|Any CPU.ActiveCfg = Debug|Any CPU
		{316D18B9-EBB9-41EB-A8C0-1DD62FF86BBA}.Debug|Any CPU.Build.0 = Debug|Any CPU
		{316D18B9-EBB9-41EB-A8C0-1DD62FF86BBA}.Release|Any CPU.ActiveCfg = Release|Any CPU
		{316D18B9-EBB9-41EB-A8C0-1DD62FF86BBA}.Release|Any CPU.Build.0 = Release|Any CPU
	EndGlobalSection
	GlobalSection(SolutionProperties) = preSolution
		HideSolutionNode = FALSE
	EndGlobalSection
	GlobalSection(NestedProjects) = preSolution
		{87D7D82C-6D23-49F9-A69F-E65D39D09DC9} = {6EB28845-9DF4-4B43-84FD-12AFE64D919F}
		{D2AC8D08-0F42-4D87-A88C-EDA7E7505D94} = {6EB28845-9DF4-4B43-84FD-12AFE64D919F}
		{16FCF6C3-87BD-470C-A620-E4A6892141B0} = {D2AC8D08-0F42-4D87-A88C-EDA7E7505D94}
		{316D18B9-EBB9-41EB-A8C0-1DD62FF86BBA} = {D2AC8D08-0F42-4D87-A88C-EDA7E7505D94}
	EndGlobalSection
EndGlobal
